// !$*UTF8*$!
{
	archiveVersion = 1;
	classes = {
	};
	objectVersion = 46;
	objects = {

/* Begin PBXBuildFile section */
		4B0B84E71C4BECC700216C7F /* Tickets.swift in Sources */ = {isa = PBXBuildFile; fileRef = 4B0B84E61C4BECC700216C7F /* Tickets.swift */; };
		4B603D941C4E940900B47139 /* DocumentPrint.swift in Sources */ = {isa = PBXBuildFile; fileRef = 4B603D921C4E940900B47139 /* DocumentPrint.swift */; };
		4B774E011C4BBEF40010E114 /* listadoPrintingView.swift in Sources */ = {isa = PBXBuildFile; fileRef = 4B774E001C4BBEF40010E114 /* listadoPrintingView.swift */; };
		4B8458C11C295DEF0024C33D /* AppDelegate.swift in Sources */ = {isa = PBXBuildFile; fileRef = 4B8458C01C295DEF0024C33D /* AppDelegate.swift */; };
		BB33DB771CAAA67C002C9FB5 /* Main.storyboard in Resources */ = {isa = PBXBuildFile; fileRef = 4B8458C61C295DEF0024C33D /* Main.storyboard */; };
		BB33DB781CAAA682002C9FB5 /* Assets.xcassets in Resources */ = {isa = PBXBuildFile; fileRef = 4B8458C41C295DEF0024C33D /* Assets.xcassets */; };
		BB4A16411CB27ED6002C7DF1 /* Viaje.swift in Sources */ = {isa = PBXBuildFile; fileRef = BB4A16401CB27ED6002C7DF1 /* Viaje.swift */; };
		BB6E7E2D1CB410880098C9D3 /* imprimirListadoLBViewController.swift in Sources */ = {isa = PBXBuildFile; fileRef = BB6E7E2C1CB410880098C9D3 /* imprimirListadoLBViewController.swift */; };
		BBA0510D1C999D3500B643F0 /* ImprimirListadoViewController.swift in Sources */ = {isa = PBXBuildFile; fileRef = BBA0510B1C999D3500B643F0 /* ImprimirListadoViewController.swift */; };
		BBAC29421CB13545009EA1C3 /* Alamofire.framework in Embed Frameworks */ = {isa = PBXBuildFile; fileRef = BBAC29391CB134E3009EA1C3 /* Alamofire.framework */; settings = {ATTRIBUTES = (CodeSignOnCopy, RemoveHeadersOnCopy, ); }; };
		BBAC29431CB1355A009EA1C3 /* Alamofire.xcodeproj in Frameworks */ = {isa = PBXBuildFile; fileRef = BBAC292A1CB134E3009EA1C3 /* Alamofire.xcodeproj */; };
		BBF3D2D81C5FBEC0004281E6 /* ticketImpreso.swift in Sources */ = {isa = PBXBuildFile; fileRef = BBF3D2D71C5FBEC0004281E6 /* ticketImpreso.swift */; };
		F95DF8FA1CABE2FD00FA2AF2 /* mensualListadoViewController.swift in Sources */ = {isa = PBXBuildFile; fileRef = F95DF8F91CABE2FD00FA2AF2 /* mensualListadoViewController.swift */; };
		F9757ADE1C29F5EC00181CD7 /* datosBDD.swift in Sources */ = {isa = PBXBuildFile; fileRef = F9757ADD1C29F5EC00181CD7 /* datosBDD.swift */; };
		F9C99AAA1C3DB4BD00D4738C /* MFViewController.swift in Sources */ = {isa = PBXBuildFile; fileRef = F9C99AA91C3DB4BC00D4738C /* MFViewController.swift */; };
		F9C99AAD1C3DB4D600D4738C /* LBViewController.swift in Sources */ = {isa = PBXBuildFile; fileRef = F9C99AAB1C3DB4D600D4738C /* LBViewController.swift */; };
		F9CF5E9A1C99E90300A598C3 /* listadoImpreso.swift in Sources */ = {isa = PBXBuildFile; fileRef = F9CF5E991C99E90300A598C3 /* listadoImpreso.swift */; };
/* End PBXBuildFile section */

/* Begin PBXContainerItemProxy section */
		BBAC29341CB134E3009EA1C3 /* PBXContainerItemProxy */ = {
			isa = PBXContainerItemProxy;
			containerPortal = BBAC292A1CB134E3009EA1C3 /* Alamofire.xcodeproj */;
			proxyType = 2;
			remoteGlobalIDString = F8111E3319A95C8B0040E7D1;
			remoteInfo = "Alamofire iOS";
		};
		BBAC29361CB134E3009EA1C3 /* PBXContainerItemProxy */ = {
			isa = PBXContainerItemProxy;
			containerPortal = BBAC292A1CB134E3009EA1C3 /* Alamofire.xcodeproj */;
			proxyType = 2;
			remoteGlobalIDString = F8111E3E19A95C8B0040E7D1;
			remoteInfo = "Alamofire iOS Tests";
		};
		BBAC29381CB134E3009EA1C3 /* PBXContainerItemProxy */ = {
			isa = PBXContainerItemProxy;
			containerPortal = BBAC292A1CB134E3009EA1C3 /* Alamofire.xcodeproj */;
			proxyType = 2;
			remoteGlobalIDString = 4DD67C0B1A5C55C900ED2280;
			remoteInfo = "Alamofire OSX";
		};
		BBAC293A1CB134E3009EA1C3 /* PBXContainerItemProxy */ = {
			isa = PBXContainerItemProxy;
			containerPortal = BBAC292A1CB134E3009EA1C3 /* Alamofire.xcodeproj */;
			proxyType = 2;
			remoteGlobalIDString = F829C6B21A7A94F100A2CD59;
			remoteInfo = "Alamofire OSX Tests";
		};
		BBAC293C1CB134E3009EA1C3 /* PBXContainerItemProxy */ = {
			isa = PBXContainerItemProxy;
			containerPortal = BBAC292A1CB134E3009EA1C3 /* Alamofire.xcodeproj */;
			proxyType = 2;
			remoteGlobalIDString = 4CF626EF1BA7CB3E0011A099;
			remoteInfo = "Alamofire tvOS";
		};
		BBAC293E1CB134E3009EA1C3 /* PBXContainerItemProxy */ = {
			isa = PBXContainerItemProxy;
			containerPortal = BBAC292A1CB134E3009EA1C3 /* Alamofire.xcodeproj */;
			proxyType = 2;
			remoteGlobalIDString = 4CF626F81BA7CB3E0011A099;
			remoteInfo = "Alamofire tvOS Tests";
		};
		BBAC29401CB134E3009EA1C3 /* PBXContainerItemProxy */ = {
			isa = PBXContainerItemProxy;
			containerPortal = BBAC292A1CB134E3009EA1C3 /* Alamofire.xcodeproj */;
			proxyType = 2;
			remoteGlobalIDString = E4202FE01B667AA100C997FB;
			remoteInfo = "Alamofire watchOS";
		};
/* End PBXContainerItemProxy section */

/* Begin PBXCopyFilesBuildPhase section */
		4BB1D1F81C394A0D006644F7 /* Embed Frameworks */ = {
			isa = PBXCopyFilesBuildPhase;
			buildActionMask = 8;
			dstPath = "";
			dstSubfolderSpec = 10;
			files = (
				BBAC29421CB13545009EA1C3 /* Alamofire.framework in Embed Frameworks */,
			);
			name = "Embed Frameworks";
			runOnlyForDeploymentPostprocessing = 1;
		};
/* End PBXCopyFilesBuildPhase section */

/* Begin PBXFileReference section */
		4B0B84E61C4BECC700216C7F /* Tickets.swift */ = {isa = PBXFileReference; fileEncoding = 4; lastKnownFileType = sourcecode.swift; path = Tickets.swift; sourceTree = "<group>"; };
		4B603D921C4E940900B47139 /* DocumentPrint.swift */ = {isa = PBXFileReference; fileEncoding = 4; lastKnownFileType = sourcecode.swift; path = DocumentPrint.swift; sourceTree = "<group>"; };
		4B74E7F41C39482300CA2DC7 /* tpv.xcodeproj */ = {isa = PBXFileReference; lastKnownFileType = "wrapper.pb-project"; path = tpv.xcodeproj; sourceTree = "<group>"; };
		4B774E001C4BBEF40010E114 /* listadoPrintingView.swift */ = {isa = PBXFileReference; fileEncoding = 4; lastKnownFileType = sourcecode.swift; path = listadoPrintingView.swift; sourceTree = "<group>"; };
		4B8458BD1C295DEF0024C33D /* tpv.app */ = {isa = PBXFileReference; explicitFileType = wrapper.application; includeInIndex = 0; path = tpv.app; sourceTree = BUILT_PRODUCTS_DIR; };
		4B8458C01C295DEF0024C33D /* AppDelegate.swift */ = {isa = PBXFileReference; lastKnownFileType = sourcecode.swift; path = AppDelegate.swift; sourceTree = "<group>"; };
		4B8458C41C295DEF0024C33D /* Assets.xcassets */ = {isa = PBXFileReference; lastKnownFileType = folder.assetcatalog; path = Assets.xcassets; sourceTree = "<group>"; };
		4B8458C71C295DEF0024C33D /* Base */ = {isa = PBXFileReference; lastKnownFileType = file.storyboard; name = Base; path = Base.lproj/Main.storyboard; sourceTree = "<group>"; };
		4B8458C91C295DEF0024C33D /* Info.plist */ = {isa = PBXFileReference; lastKnownFileType = text.plist.xml; path = Info.plist; sourceTree = "<group>"; };
		BB4A16401CB27ED6002C7DF1 /* Viaje.swift */ = {isa = PBXFileReference; fileEncoding = 4; lastKnownFileType = sourcecode.swift; path = Viaje.swift; sourceTree = "<group>"; };
		BB6E7E2C1CB410880098C9D3 /* imprimirListadoLBViewController.swift */ = {isa = PBXFileReference; fileEncoding = 4; lastKnownFileType = sourcecode.swift; path = imprimirListadoLBViewController.swift; sourceTree = "<group>"; };
		BBA0510B1C999D3500B643F0 /* ImprimirListadoViewController.swift */ = {isa = PBXFileReference; fileEncoding = 4; lastKnownFileType = sourcecode.swift; path = ImprimirListadoViewController.swift; sourceTree = "<group>"; };
		BBAC292A1CB134E3009EA1C3 /* Alamofire.xcodeproj */ = {isa = PBXFileReference; lastKnownFileType = "wrapper.pb-project"; name = Alamofire.xcodeproj; path = Alamofire/Alamofire.xcodeproj; sourceTree = "<group>"; };
		BBF3D2D71C5FBEC0004281E6 /* ticketImpreso.swift */ = {isa = PBXFileReference; fileEncoding = 4; lastKnownFileType = sourcecode.swift; path = ticketImpreso.swift; sourceTree = "<group>"; xcLanguageSpecificationIdentifier = xcode.lang.swift; };
		F95DF8F91CABE2FD00FA2AF2 /* mensualListadoViewController.swift */ = {isa = PBXFileReference; fileEncoding = 4; lastKnownFileType = sourcecode.swift; path = mensualListadoViewController.swift; sourceTree = "<group>"; xcLanguageSpecificationIdentifier = xcode.lang.swift; };
		F9757ADD1C29F5EC00181CD7 /* datosBDD.swift */ = {isa = PBXFileReference; fileEncoding = 4; lastKnownFileType = sourcecode.swift; path = datosBDD.swift; sourceTree = "<group>"; };
		F9C99AA91C3DB4BC00D4738C /* MFViewController.swift */ = {isa = PBXFileReference; fileEncoding = 4; lastKnownFileType = sourcecode.swift; path = MFViewController.swift; sourceTree = "<group>"; };
		F9C99AAB1C3DB4D600D4738C /* LBViewController.swift */ = {isa = PBXFileReference; fileEncoding = 4; lastKnownFileType = sourcecode.swift; path = LBViewController.swift; sourceTree = "<group>"; };
		F9CF5E991C99E90300A598C3 /* listadoImpreso.swift */ = {isa = PBXFileReference; fileEncoding = 4; lastKnownFileType = sourcecode.swift; path = listadoImpreso.swift; sourceTree = "<group>"; };
/* End PBXFileReference section */

/* Begin PBXFrameworksBuildPhase section */
		4B8458BA1C295DEF0024C33D /* Frameworks */ = {
			isa = PBXFrameworksBuildPhase;
			buildActionMask = 2147483647;
			files = (
				BBAC29431CB1355A009EA1C3 /* Alamofire.xcodeproj in Frameworks */,
			);
			runOnlyForDeploymentPostprocessing = 0;
		};
/* End PBXFrameworksBuildPhase section */

/* Begin PBXGroup section */
		4B74E7F51C39482300CA2DC7 /* Products */ = {
			isa = PBXGroup;
			name = Products;
			sourceTree = "<group>";
		};
		4B8458B41C295DEE0024C33D = {
			isa = PBXGroup;
			children = (
				BBAC292A1CB134E3009EA1C3 /* Alamofire.xcodeproj */,
				4B74E7F41C39482300CA2DC7 /* tpv.xcodeproj */,
				4B8458BF1C295DEF0024C33D /* tpv */,
				4B8458BE1C295DEF0024C33D /* Products */,
			);
			sourceTree = "<group>";
		};
		4B8458BE1C295DEF0024C33D /* Products */ = {
			isa = PBXGroup;
			children = (
				4B8458BD1C295DEF0024C33D /* tpv.app */,
			);
			name = Products;
			sourceTree = "<group>";
		};
		4B8458BF1C295DEF0024C33D /* tpv */ = {
			isa = PBXGroup;
			children = (
				F9757ADD1C29F5EC00181CD7 /* datosBDD.swift */,
				4B8458C01C295DEF0024C33D /* AppDelegate.swift */,
				BB4A16381CB266AF002C7DF1 /* MF */,
				4B603D921C4E940900B47139 /* DocumentPrint.swift */,
				BB4A16401CB27ED6002C7DF1 /* Viaje.swift */,
				F9C99AAB1C3DB4D600D4738C /* LBViewController.swift */,
				4B8458C41C295DEF0024C33D /* Assets.xcassets */,
				4B8458C61C295DEF0024C33D /* Main.storyboard */,
				BB6E7E2C1CB410880098C9D3 /* imprimirListadoLBViewController.swift */,
				BBF3D2D71C5FBEC0004281E6 /* ticketImpreso.swift */,
				F9CF5E991C99E90300A598C3 /* listadoImpreso.swift */,
				4B8458C91C295DEF0024C33D /* Info.plist */,
			);
			path = tpv;
			sourceTree = "<group>";
		};
		BB4A16381CB266AF002C7DF1 /* MF */ = {
			isa = PBXGroup;
			children = (
				F9C99AA91C3DB4BC00D4738C /* MFViewController.swift */,
				4B774E001C4BBEF40010E114 /* listadoPrintingView.swift */,
				F95DF8F91CABE2FD00FA2AF2 /* mensualListadoViewController.swift */,
				BBA0510B1C999D3500B643F0 /* ImprimirListadoViewController.swift */,
				4B0B84E61C4BECC700216C7F /* Tickets.swift */,
			);
			name = MF;
			sourceTree = "<group>";
		};
		BBAC292B1CB134E3009EA1C3 /* Products */ = {
			isa = PBXGroup;
			children = (
				BBAC29351CB134E3009EA1C3 /* Alamofire.framework */,
				BBAC29371CB134E3009EA1C3 /* Alamofire iOS Tests.xctest */,
				BBAC29391CB134E3009EA1C3 /* Alamofire.framework */,
				BBAC293B1CB134E3009EA1C3 /* Alamofire OSX Tests.xctest */,
				BBAC293D1CB134E3009EA1C3 /* Alamofire.framework */,
				BBAC293F1CB134E3009EA1C3 /* Alamofire tvOS Tests.xctest */,
				BBAC29411CB134E3009EA1C3 /* Alamofire.framework */,
			);
			name = Products;
			sourceTree = "<group>";
		};
/* End PBXGroup section */

/* Begin PBXNativeTarget section */
		4B8458BC1C295DEF0024C33D /* tpv */ = {
			isa = PBXNativeTarget;
			buildConfigurationList = 4B8458CC1C295DEF0024C33D /* Build configuration list for PBXNativeTarget "tpv" */;
			buildPhases = (
				4B8458B91C295DEF0024C33D /* Sources */,
				4B8458BA1C295DEF0024C33D /* Frameworks */,
				4B8458BB1C295DEF0024C33D /* Resources */,
				4BB1D1F81C394A0D006644F7 /* Embed Frameworks */,
			);
			buildRules = (
			);
			dependencies = (
			);
			name = tpv;
			productName = tpv;
			productReference = 4B8458BD1C295DEF0024C33D /* tpv.app */;
			productType = "com.apple.product-type.application";
		};
/* End PBXNativeTarget section */

/* Begin PBXProject section */
		4B8458B51C295DEE0024C33D /* Project object */ = {
			isa = PBXProject;
			attributes = {
				LastSwiftUpdateCheck = 0720;
				LastUpgradeCheck = 0720;
				ORGANIZATIONNAME = LosBarkitos;
				TargetAttributes = {
					4B8458BC1C295DEF0024C33D = {
						CreatedOnToolsVersion = 7.2;
					};
				};
			};
			buildConfigurationList = 4B8458B81C295DEE0024C33D /* Build configuration list for PBXProject "tpv" */;
			compatibilityVersion = "Xcode 3.2";
			developmentRegion = English;
			hasScannedForEncodings = 0;
			knownRegions = (
				en,
				Base,
			);
			mainGroup = 4B8458B41C295DEE0024C33D;
			productRefGroup = 4B8458BE1C295DEF0024C33D /* Products */;
			projectDirPath = "";
			projectReferences = (
				{
					ProductGroup = BBAC292B1CB134E3009EA1C3 /* Products */;
					ProjectRef = BBAC292A1CB134E3009EA1C3 /* Alamofire.xcodeproj */;
				},
				{
					ProductGroup = 4B74E7F51C39482300CA2DC7 /* Products */;
					ProjectRef = 4B74E7F41C39482300CA2DC7 /* tpv.xcodeproj */;
				},
			);
			projectRoot = "";
			targets = (
				4B8458BC1C295DEF0024C33D /* tpv */,
			);
		};
/* End PBXProject section */

/* Begin PBXReferenceProxy section */
		BBAC29351CB134E3009EA1C3 /* Alamofire.framework */ = {
			isa = PBXReferenceProxy;
			fileType = wrapper.framework;
			path = Alamofire.framework;
			remoteRef = BBAC29341CB134E3009EA1C3 /* PBXContainerItemProxy */;
			sourceTree = BUILT_PRODUCTS_DIR;
		};
		BBAC29371CB134E3009EA1C3 /* Alamofire iOS Tests.xctest */ = {
			isa = PBXReferenceProxy;
			fileType = wrapper.cfbundle;
			path = "Alamofire iOS Tests.xctest";
			remoteRef = BBAC29361CB134E3009EA1C3 /* PBXContainerItemProxy */;
			sourceTree = BUILT_PRODUCTS_DIR;
		};
		BBAC29391CB134E3009EA1C3 /* Alamofire.framework */ = {
			isa = PBXReferenceProxy;
			fileType = wrapper.framework;
			path = Alamofire.framework;
			remoteRef = BBAC29381CB134E3009EA1C3 /* PBXContainerItemProxy */;
			sourceTree = BUILT_PRODUCTS_DIR;
		};
		BBAC293B1CB134E3009EA1C3 /* Alamofire OSX Tests.xctest */ = {
			isa = PBXReferenceProxy;
			fileType = wrapper.cfbundle;
			path = "Alamofire OSX Tests.xctest";
			remoteRef = BBAC293A1CB134E3009EA1C3 /* PBXContainerItemProxy */;
			sourceTree = BUILT_PRODUCTS_DIR;
		};
		BBAC293D1CB134E3009EA1C3 /* Alamofire.framework */ = {
			isa = PBXReferenceProxy;
			fileType = wrapper.framework;
			path = Alamofire.framework;
			remoteRef = BBAC293C1CB134E3009EA1C3 /* PBXContainerItemProxy */;
			sourceTree = BUILT_PRODUCTS_DIR;
		};
		BBAC293F1CB134E3009EA1C3 /* Alamofire tvOS Tests.xctest */ = {
			isa = PBXReferenceProxy;
			fileType = wrapper.cfbundle;
			path = "Alamofire tvOS Tests.xctest";
			remoteRef = BBAC293E1CB134E3009EA1C3 /* PBXContainerItemProxy */;
			sourceTree = BUILT_PRODUCTS_DIR;
		};
		BBAC29411CB134E3009EA1C3 /* Alamofire.framework */ = {
			isa = PBXReferenceProxy;
			fileType = wrapper.framework;
			path = Alamofire.framework;
			remoteRef = BBAC29401CB134E3009EA1C3 /* PBXContainerItemProxy */;
			sourceTree = BUILT_PRODUCTS_DIR;
		};
/* End PBXReferenceProxy section */

/* Begin PBXResourcesBuildPhase section */
		4B8458BB1C295DEF0024C33D /* Resources */ = {
			isa = PBXResourcesBuildPhase;
			buildActionMask = 2147483647;
			files = (
				BB33DB781CAAA682002C9FB5 /* Assets.xcassets in Resources */,
				BB33DB771CAAA67C002C9FB5 /* Main.storyboard in Resources */,
			);
			runOnlyForDeploymentPostprocessing = 0;
		};
/* End PBXResourcesBuildPhase section */

/* Begin PBXSourcesBuildPhase section */
		4B8458B91C295DEF0024C33D /* Sources */ = {
			isa = PBXSourcesBuildPhase;
			buildActionMask = 2147483647;
			files = (
				BBA0510D1C999D3500B643F0 /* ImprimirListadoViewController.swift in Sources */,
				F9757ADE1C29F5EC00181CD7 /* datosBDD.swift in Sources */,
				BBF3D2D81C5FBEC0004281E6 /* ticketImpreso.swift in Sources */,
				4B603D941C4E940900B47139 /* DocumentPrint.swift in Sources */,
				BB6E7E2D1CB410880098C9D3 /* imprimirListadoLBViewController.swift in Sources */,
				4B0B84E71C4BECC700216C7F /* Tickets.swift in Sources */,
				F95DF8FA1CABE2FD00FA2AF2 /* mensualListadoViewController.swift in Sources */,
				4B8458C11C295DEF0024C33D /* AppDelegate.swift in Sources */,
				F9CF5E9A1C99E90300A598C3 /* listadoImpreso.swift in Sources */,
				4B774E011C4BBEF40010E114 /* listadoPrintingView.swift in Sources */,
				BB4A16411CB27ED6002C7DF1 /* Viaje.swift in Sources */,
				F9C99AAA1C3DB4BD00D4738C /* MFViewController.swift in Sources */,
				F9C99AAD1C3DB4D600D4738C /* LBViewController.swift in Sources */,
			);
			runOnlyForDeploymentPostprocessing = 0;
		};
/* End PBXSourcesBuildPhase section */

/* Begin PBXVariantGroup section */
		4B8458C61C295DEF0024C33D /* Main.storyboard */ = {
			isa = PBXVariantGroup;
			children = (
				4B8458C71C295DEF0024C33D /* Base */,
			);
			name = Main.storyboard;
			sourceTree = "<group>";
		};
/* End PBXVariantGroup section */

/* Begin XCBuildConfiguration section */
		4B8458CA1C295DEF0024C33D /* Debug */ = {
			isa = XCBuildConfiguration;
			buildSettings = {
				ALWAYS_SEARCH_USER_PATHS = NO;
				CLANG_CXX_LANGUAGE_STANDARD = "gnu++0x";
				CLANG_CXX_LIBRARY = "libc++";
				CLANG_ENABLE_MODULES = YES;
				CLANG_ENABLE_OBJC_ARC = YES;
				CLANG_WARN_BOOL_CONVERSION = YES;
				CLANG_WARN_CONSTANT_CONVERSION = YES;
				CLANG_WARN_DIRECT_OBJC_ISA_USAGE = YES_ERROR;
				CLANG_WARN_EMPTY_BODY = YES;
				CLANG_WARN_ENUM_CONVERSION = YES;
				CLANG_WARN_INT_CONVERSION = YES;
				CLANG_WARN_OBJC_ROOT_CLASS = YES_ERROR;
				CLANG_WARN_UNREACHABLE_CODE = YES;
				CLANG_WARN__DUPLICATE_METHOD_MATCH = YES;
				CODE_SIGN_IDENTITY = "-";
				COPY_PHASE_STRIP = NO;
				DEBUG_INFORMATION_FORMAT = dwarf;
				ENABLE_STRICT_OBJC_MSGSEND = YES;
				ENABLE_TESTABILITY = YES;
				GCC_C_LANGUAGE_STANDARD = gnu99;
				GCC_DYNAMIC_NO_PIC = NO;
				GCC_NO_COMMON_BLOCKS = YES;
				GCC_OPTIMIZATION_LEVEL = 0;
				GCC_PREPROCESSOR_DEFINITIONS = (
					"DEBUG=1",
					"$(inherited)",
				);
				GCC_WARN_64_TO_32_BIT_CONVERSION = YES;
				GCC_WARN_ABOUT_RETURN_TYPE = YES_ERROR;
				GCC_WARN_UNDECLARED_SELECTOR = YES;
				GCC_WARN_UNINITIALIZED_AUTOS = YES_AGGRESSIVE;
				GCC_WARN_UNUSED_FUNCTION = YES;
				GCC_WARN_UNUSED_VARIABLE = YES;
				MACOSX_DEPLOYMENT_TARGET = 10.11;
				MTL_ENABLE_DEBUG_INFO = YES;
				ONLY_ACTIVE_ARCH = YES;
				SDKROOT = macosx;
				SWIFT_OPTIMIZATION_LEVEL = "-Onone";
			};
			name = Debug;
		};
		4B8458CB1C295DEF0024C33D /* Release */ = {
			isa = XCBuildConfiguration;
			buildSettings = {
				ALWAYS_SEARCH_USER_PATHS = NO;
				CLANG_CXX_LANGUAGE_STANDARD = "gnu++0x";
				CLANG_CXX_LIBRARY = "libc++";
				CLANG_ENABLE_MODULES = YES;
				CLANG_ENABLE_OBJC_ARC = YES;
				CLANG_WARN_BOOL_CONVERSION = YES;
				CLANG_WARN_CONSTANT_CONVERSION = YES;
				CLANG_WARN_DIRECT_OBJC_ISA_USAGE = YES_ERROR;
				CLANG_WARN_EMPTY_BODY = YES;
				CLANG_WARN_ENUM_CONVERSION = YES;
				CLANG_WARN_INT_CONVERSION = YES;
				CLANG_WARN_OBJC_ROOT_CLASS = YES_ERROR;
				CLANG_WARN_UNREACHABLE_CODE = YES;
				CLANG_WARN__DUPLICATE_METHOD_MATCH = YES;
				CODE_SIGN_IDENTITY = "-";
				COPY_PHASE_STRIP = NO;
				DEBUG_INFORMATION_FORMAT = "dwarf-with-dsym";
				ENABLE_NS_ASSERTIONS = NO;
				ENABLE_STRICT_OBJC_MSGSEND = YES;
				GCC_C_LANGUAGE_STANDARD = gnu99;
				GCC_NO_COMMON_BLOCKS = YES;
				GCC_WARN_64_TO_32_BIT_CONVERSION = YES;
				GCC_WARN_ABOUT_RETURN_TYPE = YES_ERROR;
				GCC_WARN_UNDECLARED_SELECTOR = YES;
				GCC_WARN_UNINITIALIZED_AUTOS = YES_AGGRESSIVE;
				GCC_WARN_UNUSED_FUNCTION = YES;
				GCC_WARN_UNUSED_VARIABLE = YES;
				MACOSX_DEPLOYMENT_TARGET = 10.11;
				MTL_ENABLE_DEBUG_INFO = NO;
				SDKROOT = macosx;
			};
			name = Release;
		};
		4B8458CD1C295DEF0024C33D /* Debug */ = {
			isa = XCBuildConfiguration;
			buildSettings = {
				ASSETCATALOG_COMPILER_APPICON_NAME = AppIcon;
				COMBINE_HIDPI_IMAGES = YES;
				EMBEDDED_CONTENT_CONTAINS_SWIFT = YES;
				INFOPLIST_FILE = tpv/Info.plist;
				LD_RUNPATH_SEARCH_PATHS = "$(inherited) @executable_path/../Frameworks";
				PRODUCT_BUNDLE_IDENTIFIER = LosBarkitos.tpv;
				PRODUCT_NAME = "$(TARGET_NAME)";
			};
			name = Debug;
		};
		4B8458CE1C295DEF0024C33D /* Release */ = {
			isa = XCBuildConfiguration;
			buildSettings = {
				ASSETCATALOG_COMPILER_APPICON_NAME = AppIcon;
				COMBINE_HIDPI_IMAGES = YES;
				EMBEDDED_CONTENT_CONTAINS_SWIFT = YES;
				INFOPLIST_FILE = tpv/Info.plist;
				LD_RUNPATH_SEARCH_PATHS = "$(inherited) @executable_path/../Frameworks";
				PRODUCT_BUNDLE_IDENTIFIER = LosBarkitos.tpv;
				PRODUCT_NAME = "$(TARGET_NAME)";
			};
			name = Release;
		};
/* End XCBuildConfiguration section */

/* Begin XCConfigurationList section */
		4B8458B81C295DEE0024C33D /* Build configuration list for PBXProject "tpv" */ = {
			isa = XCConfigurationList;
			buildConfigurations = (
				4B8458CA1C295DEF0024C33D /* Debug */,
				4B8458CB1C295DEF0024C33D /* Release */,
			);
			defaultConfigurationIsVisible = 0;
			defaultConfigurationName = Release;
		};
		4B8458CC1C295DEF0024C33D /* Build configuration list for PBXNativeTarget "tpv" */ = {
			isa = XCConfigurationList;
			buildConfigurations = (
				4B8458CD1C295DEF0024C33D /* Debug */,
				4B8458CE1C295DEF0024C33D /* Release */,
			);
			defaultConfigurationIsVisible = 0;
			defaultConfigurationName = Release;
		};
/* End XCConfigurationList section */
	};
	rootObject = 4B8458B51C295DEE0024C33D /* Project object */;
}
